
Microsoft Visual Studio Solution File, Format Version 12.00
# Visual Studio Version 17
VisualStudioVersion = 17.8.34525.116
MinimumVisualStudioVersion = 10.0.40219.1
Project("{9A19103F-16F7-4668-BE54-9A1E7A4F7556}") = "Hackathon", "Demo\Hackathon.csproj", "{E139D0C2-CFC4-4D08-B394-9B47602C470B}"
EndProject
Project("{9A19103F-16F7-4668-BE54-9A1E7A4F7556}") = "SendEmail", "..\..\communication-services-dotnet-quickstarts-main\communication-services-dotnet-quickstarts-main\SendEmail\SendEmail.csproj", "{2DEC936C-4035-4F5E-A486-99C07729556E}"
EndProject
Project("{9A19103F-16F7-4668-BE54-9A1E7A4F7556}") = "SendSMS", "..\..\communication-services-dotnet-quickstarts-main\communication-services-dotnet-quickstarts-main\SendSMS\SendSMS.csproj", "{C0E898E0-7DCA-4DCE-8B89-DA5FC329BDE7}"
EndProject
Global
	GlobalSection(SolutionConfigurationPlatforms) = preSolution
		Debug|Any CPU = Debug|Any CPU
		Release|Any CPU = Release|Any CPU
	EndGlobalSection
	GlobalSection(ProjectConfigurationPlatforms) = postSolution
		{E139D0C2-CFC4-4D08-B394-9B47602C470B}.Debug|Any CPU.ActiveCfg = Debug|Any CPU
		{E139D0C2-CFC4-4D08-B394-9B47602C470B}.Debug|Any CPU.Build.0 = Debug|Any CPU
		{E139D0C2-CFC4-4D08-B394-9B47602C470B}.Release|Any CPU.ActiveCfg = Release|Any CPU
		{E139D0C2-CFC4-4D08-B394-9B47602C470B}.Release|Any CPU.Build.0 = Release|Any CPU
		{2DEC936C-4035-4F5E-A486-99C07729556E}.Debug|Any CPU.ActiveCfg = Debug|Any CPU
		{2DEC936C-4035-4F5E-A486-99C07729556E}.Debug|Any CPU.Build.0 = Debug|Any CPU
		{2DEC936C-4035-4F5E-A486-99C07729556E}.Release|Any CPU.ActiveCfg = Release|Any CPU
		{2DEC936C-4035-4F5E-A486-99C07729556E}.Release|Any CPU.Build.0 = Release|Any CPU
		{C0E898E0-7DCA-4DCE-8B89-DA5FC329BDE7}.Debug|Any CPU.ActiveCfg = Debug|Any CPU
		{C0E898E0-7DCA-4DCE-8B89-DA5FC329BDE7}.Debug|Any CPU.Build.0 = Debug|Any CPU
		{C0E898E0-7DCA-4DCE-8B89-DA5FC329BDE7}.Release|Any CPU.ActiveCfg = Release|Any CPU
		{C0E898E0-7DCA-4DCE-8B89-DA5FC329BDE7}.Release|Any CPU.Build.0 = Release|Any CPU
	EndGlobalSection
	GlobalSection(SolutionProperties) = preSolution
		HideSolutionNode = FALSE
	EndGlobalSection
	GlobalSection(ExtensibilityGlobals) = postSolution
		SolutionGuid = {6C8AF353-1A3E-4BF5-B82A-78D3CE97604D}
	EndGlobalSection
EndGlobal
